
Microsoft Visual Studio Solution File, Format Version 12.00
# Visual Studio Version 17
VisualStudioVersion = 17.11.35327.3
MinimumVisualStudioVersion = 10.0.40219.1
Project("{FAE04EC0-301F-11D3-BF4B-00C04F79EFBC}") = "ToDoApp", "ToDoApp\ToDoApp.csproj", "{7CAADDEC-3FB1-4441-8885-0200BB522FDA}"
EndProject
Global
	GlobalSection(SolutionConfigurationPlatforms) = preSolution
		Debug|Any CPU = Debug|Any CPU
		Release|Any CPU = Release|Any CPU
	EndGlobalSection
	GlobalSection(ProjectConfigurationPlatforms) = postSolution
		{7CAADDEC-3FB1-4441-8885-0200BB522FDA}.Debug|Any CPU.ActiveCfg = Debug|Any CPU
		{7CAADDEC-3FB1-4441-8885-0200BB522FDA}.Debug|Any CPU.Build.0 = Debug|Any CPU
		{7CAADDEC-3FB1-4441-8885-0200BB522FDA}.Release|Any CPU.ActiveCfg = Release|Any CPU
		{7CAADDEC-3FB1-4441-8885-0200BB522FDA}.Release|Any CPU.Build.0 = Release|Any CPU
	EndGlobalSection
	GlobalSection(SolutionProperties) = preSolution
		HideSolutionNode = FALSE
	EndGlobalSection
	GlobalSection(ExtensibilityGlobals) = postSolution
		SolutionGuid = {437F59F9-CE29-42FB-9B78-373881C717D1}
	EndGlobalSection
EndGlobal
